# THIS IS AN AUTOGENERATED FILE. DO NOT EDIT THIS FILE DIRECTLY.
# yarn lockfile v1


"@types/marked@4.0.1":
  version "4.0.1"
  resolved "https://registry.yarnpkg.com/@types/marked/-/marked-4.0.1.tgz#d588a7bbc4d6551c5e75249bc106ffda96ae33c5"
  integrity sha512-ZigEmCWdNUU7IjZEuQ/iaimYdDHWHfTe3kg8ORfKjyGYd9RWumPoOJRQXB0bO+XLkNwzCthW3wUIQtANaEZ1ag==

"@types/node@*":
  version "17.0.12"
  resolved "https://registry.yarnpkg.com/@types/node/-/node-17.0.12.tgz#f7aa331b27f08244888c47b7df126184bc2339c5"
  integrity sha512-4YpbAsnJXWYK/fpTVFlMIcUIho2AYCi4wg5aNPrG1ng7fn/1/RZfCIpRCiBX+12RVa34RluilnvCqD+g3KiSiA==

"@types/node@17.0.10":
  version "17.0.10"
  resolved "https://registry.yarnpkg.com/@types/node/-/node-17.0.10.tgz#616f16e9d3a2a3d618136b1be244315d95bd7cab"
  integrity sha512-S/3xB4KzyFxYGCppyDt68yzBU9ysL88lSdIah4D6cptdcltc4NCPCAMc0+PCpg/lLIyC7IPvj2Z52OJWeIUkog==

"@types/tinycolor2@1.4.3":
  version "1.4.3"
  resolved "https://registry.yarnpkg.com/@types/tinycolor2/-/tinycolor2-1.4.3.tgz#ed4a0901f954b126e6a914b4839c77462d56e706"
  integrity sha512-Kf1w9NE5HEgGxCRyIcRXR/ZYtDv0V8FVPtYHwLxl0O+maGX0erE77pQlD0gpP+/KByMZ87mOA79SjifhSB3PjQ==

"@vercel/node@1.12.1":
  version "1.12.1"
  resolved "https://registry.yarnpkg.com/@vercel/node/-/node-1.12.1.tgz#15f42f64690f904f8a52a387123ce0958657060f"
  integrity sha512-NcawIY05BvVkWlsowaxF2hl/hJg475U8JvT2FnGykFPMx31q1/FtqyTw/awSrKfOSRXR0InrbEIDIelmS9NzPA==
  dependencies:
    "@types/node" "*"
    ts-node "8.9.1"
    typescript "4.3.4"

arg@^4.1.0:
  version "4.1.3"
  resolved "https://registry.yarnpkg.com/arg/-/arg-4.1.3.tgz#269fc7ad5b8e42cb63c896d5666017261c144089"
  integrity sha512-58S9QDqG0Xx27YwPSt9fJxivjYl432YCwfDMfZ+71RAqUrZef7LrKQZ3LHLOwCS4FLNBplP533Zx895SeOCHvA==

buffer-from@^1.0.0:
  version "1.1.2"
  resolved "https://registry.yarnpkg.com/buffer-from/-/buffer-from-1.1.2.tgz#2b146a6fd72e80b4f55d255f35ed59a3a9a41bd5"
  integrity sha512-E+XQCRwSbaaiChtv6k6Dwgc+bx+Bs6vuKJHHl5kox/BaKbhiXzqQOwK4cO22yElGp2OCmjwVhT3HmxgyPGnJfQ==

diff@^4.0.1:
  version "4.0.2"
  resolved "https://registry.yarnpkg.com/diff/-/diff-4.0.2.tgz#60f3aecb89d5fae520c11aa19efc2bb982aade7d"
  integrity sha512-58lmxKSA4BNyLz+HHMUzlOEpg09FV+ev6ZMe3vJihgdxzgcwZ8VoEEPmALCZG9LmqfVoNMMKpttIYTVG6uDY7A==

esbuild-android-arm64@0.14.14:
  version "0.14.14"
  resolved "https://registry.yarnpkg.com/esbuild-android-arm64/-/esbuild-android-arm64-0.14.14.tgz#3705f32f209deeb11c275af47c298c8783dd5f0c"
  integrity sha512-be/Uw6DdpQiPfula1J4bdmA+wtZ6T3BRCZsDMFB5X+k0Gp8TIh9UvmAcqvKNnbRAafSaXG3jPCeXxDKqnc8hFQ==

esbuild-darwin-64@0.14.14:
  version "0.14.14"
  resolved "https://registry.yarnpkg.com/esbuild-darwin-64/-/esbuild-darwin-64-0.14.14.tgz#c07e4eae6d938300a2d330ea82494c55bcea84e5"
  integrity sha512-BEexYmjWafcISK8cT6O98E3TfcLuZL8DKuubry6G54n2+bD4GkoRD6HYUOnCkfl2p7jodA+s4369IjSFSWjtHg==

esbuild-darwin-arm64@0.14.14:
  version "0.14.14"
  resolved "https://registry.yarnpkg.com/esbuild-darwin-arm64/-/esbuild-darwin-arm64-0.14.14.tgz#a8631e13a51a6f784fb0906e2a64c6ab53988755"
  integrity sha512-tnBKm41pDOB1GtZ8q/w26gZlLLRzVmP8fdsduYjvM+yFD7E2DLG4KbPAqFMWm4Md9B+DitBglP57FY7AznxbTg==

esbuild-freebsd-64@0.14.14:
  version "0.14.14"
  resolved "https://registry.yarnpkg.com/esbuild-freebsd-64/-/esbuild-freebsd-64-0.14.14.tgz#c280c2b944746b27ee6c6487c2691865c90bed2e"
  integrity sha512-Q9Rx6sgArOHalQtNwAaIzJ6dnQ8A+I7f/RsQsdkS3JrdzmnlFo8JEVofTmwVQLoIop7OKUqIVOGP4PoQcwfVMA==

esbuild-freebsd-arm64@0.14.14:
  version "0.14.14"
  resolved "https://registry.yarnpkg.com/esbuild-freebsd-arm64/-/esbuild-freebsd-arm64-0.14.14.tgz#aa4e21276efcf20e5ab2487e91ca1d789573189b"
  integrity sha512-TJvq0OpLM7BkTczlyPIphcvnwrQwQDG1HqxzoYePWn26SMUAlt6wrLnEvxdbXAvNvDLVzG83kA+JimjK7aRNBA==

esbuild-linux-32@0.14.14:
  version "0.14.14"
  resolved "https://registry.yarnpkg.com/esbuild-linux-32/-/esbuild-linux-32-0.14.14.tgz#3db4d929239203ce38a9060d5419ac6a6d28846c"
  integrity sha512-h/CrK9Baimt5VRbu8gqibWV7e1P9l+mkanQgyOgv0Ng3jHT1NVFC9e6rb1zbDdaJVmuhWX5xVliUA5bDDCcJeg==

esbuild-linux-64@0.14.14:
  version "0.14.14"
  resolved "https://registry.yarnpkg.com/esbuild-linux-64/-/esbuild-linux-64-0.14.14.tgz#f880026254c1f565a7a10fdebb7cff9b083a127d"
  integrity sha512-IC+wAiIg/egp5OhQp4W44D9PcBOH1b621iRn1OXmlLzij9a/6BGr9NMIL4CRwz4j2kp3WNZu5sT473tYdynOuQ==

esbuild-linux-arm64@0.14.14:
  version "0.14.14"
  resolved "https://registry.yarnpkg.com/esbuild-linux-arm64/-/esbuild-linux-arm64-0.14.14.tgz#a34bc3076e50b109c3b8c8bad9c146e35942322b"
  integrity sha512-6QVul3RI4M5/VxVIRF/I5F+7BaxzR3DfNGoqEVSCZqUbgzHExPn+LXr5ly1C7af2Kw4AHpo+wDqx8A4ziP9avw==

esbuild-linux-arm@0.14.14:
  version "0.14.14"
  resolved "https://registry.yarnpkg.com/esbuild-linux-arm/-/esbuild-linux-arm-0.14.14.tgz#231ffd12fef69ee06365d4c94b69850e4830e927"
  integrity sha512-gxpOaHOPwp7zSmcKYsHrtxabScMqaTzfSQioAMUaB047YiMuDBzqVcKBG8OuESrYkGrL9DDljXr/mQNg7pbdaQ==

esbuild-linux-mips64le@0.14.14:
  version "0.14.14"
  resolved "https://registry.yarnpkg.com/esbuild-linux-mips64le/-/esbuild-linux-mips64le-0.14.14.tgz#bd00570e3a30422224b732c7a5f262146c357403"
  integrity sha512-4Jl5/+xoINKbA4cesH3f4R+q0vltAztZ6Jm8YycS8lNhN1pgZJBDxWfI6HUMIAdkKlIpR1PIkA9aXQgZ8sxFAg==

esbuild-linux-ppc64le@0.14.14:
  version "0.14.14"
  resolved "https://registry.yarnpkg.com/esbuild-linux-ppc64le/-/esbuild-linux-ppc64le-0.14.14.tgz#430609413fd9e04d9def4e3f06726b031b23d825"
  integrity sha512-BitW37GxeebKxqYNl4SVuSdnIJAzH830Lr6Mkq3pBHXtzQay0vK+IeOR/Ele1GtNVJ+/f8wYM53tcThkv5SC5w==

esbuild-linux-s390x@0.14.14:
  version "0.14.14"
  resolved "https://registry.yarnpkg.com/esbuild-linux-s390x/-/esbuild-linux-s390x-0.14.14.tgz#2f0d8cbfe53cf3cb97f6372549a41a8051dbd689"
  integrity sha512-vLj6p76HOZG3wfuTr5MyO3qW5iu8YdhUNxuY+tx846rPo7GcKtYSPMusQjeVEfZlJpSYoR+yrNBBxq+qVF9zrw==

esbuild-netbsd-64@0.14.14:
  version "0.14.14"
  resolved "https://registry.yarnpkg.com/esbuild-netbsd-64/-/esbuild-netbsd-64-0.14.14.tgz#3e44de35e1add7e9582f3c0d2558d86aafbc813b"
  integrity sha512-fn8looXPQhpVqUyCBWUuPjesH+yGIyfbIQrLKG05rr1Kgm3rZD/gaYrd3Wpmf5syVZx70pKZPvdHp8OTA+y7cQ==

esbuild-openbsd-64@0.14.14:
  version "0.14.14"
  resolved "https://registry.yarnpkg.com/esbuild-openbsd-64/-/esbuild-openbsd-64-0.14.14.tgz#04710ef1d01cd9f15d54f50d20b5a3778f8306a2"
  integrity sha512-HdAnJ399pPff3SKbd8g+P4o5znseni5u5n5rJ6Z7ouqOdgbOwHe2ofZbMow17WMdNtz1IyOZk2Wo9Ve6/lZ4Rg==

esbuild-sunos-64@0.14.14:
  version "0.14.14"
  resolved "https://registry.yarnpkg.com/esbuild-sunos-64/-/esbuild-sunos-64-0.14.14.tgz#8e583dd92c5c7ac4303ddc37f588e44211e04e19"
  integrity sha512-bmDHa99ulsGnYlh/xjBEfxoGuC8CEG5OWvlgD+pF7bKKiVTbtxqVCvOGEZeoDXB+ja6AvHIbPxrEE32J+m5nqQ==

esbuild-windows-32@0.14.14:
  version "0.14.14"
  resolved "https://registry.yarnpkg.com/esbuild-windows-32/-/esbuild-windows-32-0.14.14.tgz#6d293ddfb71229f21cc13d85d5d2f43e8131693b"
  integrity sha512-6tVooQcxJCNenPp5GHZBs/RLu31q4B+BuF4MEoRxswT+Eq2JGF0ZWDRQwNKB8QVIo3t6Svc5wNGez+CwKNQjBg==

esbuild-windows-64@0.14.14:
  version "0.14.14"
  resolved "https://registry.yarnpkg.com/esbuild-windows-64/-/esbuild-windows-64-0.14.14.tgz#08a36844b69542f8ec1cb33a5ddcea02b9d0b2e8"
  integrity sha512-kl3BdPXh0/RD/dad41dtzj2itMUR4C6nQbXQCyYHHo4zoUoeIXhpCrSl7BAW1nv5EFL8stT1V+TQVXGZca5A2A==

esbuild-windows-arm64@0.14.14:
  version "0.14.14"
  resolved "https://registry.yarnpkg.com/esbuild-windows-arm64/-/esbuild-windows-arm64-0.14.14.tgz#ca747ce4066d5b8a79dbe48fe6ecd92d202e5366"
  integrity sha512-dCm1wTOm6HIisLanmybvRKvaXZZo4yEVrHh1dY0v582GThXJOzuXGja1HIQgV09RpSHYRL3m4KoUBL00l6SWEg==

esbuild@^0.14.0:
  version "0.14.14"
  resolved "https://registry.yarnpkg.com/esbuild/-/esbuild-0.14.14.tgz#3b99f20d628013c3e2ae90e67687e03f1d6eb071"
  integrity sha512-aiK4ddv+uui0k52OqSHu4xxu+SzOim7Rlz4i25pMEiC8rlnGU0HJ9r+ZMfdWL5bzifg+nhnn7x4NSWTeehYblg==
  optionalDependencies:
    esbuild-android-arm64 "0.14.14"
    esbuild-darwin-64 "0.14.14"
    esbuild-darwin-arm64 "0.14.14"
    esbuild-freebsd-64 "0.14.14"
    esbuild-freebsd-arm64 "0.14.14"
    esbuild-linux-32 "0.14.14"
    esbuild-linux-64 "0.14.14"
    esbuild-linux-arm "0.14.14"
    esbuild-linux-arm64 "0.14.14"
    esbuild-linux-mips64le "0.14.14"
    esbuild-linux-ppc64le "0.14.14"
    esbuild-linux-s390x "0.14.14"
    esbuild-netbsd-64 "0.14.14"
    esbuild-openbsd-64 "0.14.14"
    esbuild-sunos-64 "0.14.14"
    esbuild-windows-32 "0.14.14"
    esbuild-windows-64 "0.14.14"
    esbuild-windows-arm64 "0.14.14"

make-error@^1.1.1:
  version "1.3.6"
  resolved "https://registry.yarnpkg.com/make-error/-/make-error-1.3.6.tgz#2eb2e37ea9b67c4891f684a1394799af484cf7a2"
  integrity sha512-s8UhlNe7vPKomQhC1qFelMokr/Sc3AgNbso3n74mVPA5LTZwkB9NlXf4XPamLxJE8h0gh73rM94xvwRT2CVInw==

marked@^4.0.10:
  version "4.0.12"
  resolved "https://registry.yarnpkg.com/marked/-/marked-4.0.12.tgz#2262a4e6fd1afd2f13557726238b69a48b982f7d"
  integrity sha512-hgibXWrEDNBWgGiK18j/4lkS6ihTe9sxtV4Q1OQppb/0zzyPSzoFANBa5MfsG/zgsWklmNnhm0XACZOH/0HBiQ==

simple-icons@latest:
  version "6.7.0"
  resolved "https://registry.yarnpkg.com/simple-icons/-/simple-icons-6.7.0.tgz#45263b5cd624f26f8f11c8ce1cf814be07de41dc"
  integrity sha512-bEqOxIkVGTX/Dlq84bXM3ohzRkwE/kpUloSTNvKb7QDTR35ufxMthK3u6kZy2SbmbhFKSpM3Jc8tgAzgfzwV5w==

source-map-support@^0.5.17:
  version "0.5.21"
  resolved "https://registry.yarnpkg.com/source-map-support/-/source-map-support-0.5.21.tgz#04fe7c7f9e1ed2d662233c28cb2b35b9f63f6e4f"
  integrity sha512-uBHU3L3czsIyYXKX88fdrGovxdSCoTGDRZ6SYXtSRxLZUzHg5P/66Ht6uoUlHu9EZod+inXhKo3qQgwXUT/y1w==
  dependencies:
    buffer-from "^1.0.0"
    source-map "^0.6.0"

source-map@^0.6.0:
  version "0.6.1"
  resolved "https://registry.yarnpkg.com/source-map/-/source-map-0.6.1.tgz#74722af32e9614e9c287a8d0bbde48b5e2f1a263"
  integrity sha512-UjgapumWlbMhkBgzT7Ykc5YXUT46F0iKu8SGXq0bcwP5dz/h0Plj6enJqjz1Zbq2l5WaqYnrVbwWOWMyF3F47g==

tinycolor2@1.4.2:
  version "1.4.2"
  resolved "https://registry.yarnpkg.com/tinycolor2/-/tinycolor2-1.4.2.tgz#3f6a4d1071ad07676d7fa472e1fac40a719d8803"
  integrity sha512-vJhccZPs965sV/L2sU4oRQVAos0pQXwsvTLkWYdqJ+a8Q5kPFzJTuOFwy7UniPli44NKQGAglksjvOcpo95aZA==

ts-node@8.9.1:
  version "8.9.1"
  resolved "https://registry.yarnpkg.com/ts-node/-/ts-node-8.9.1.tgz#2f857f46c47e91dcd28a14e052482eb14cfd65a5"
  integrity sha512-yrq6ODsxEFTLz0R3BX2myf0WBCSQh9A+py8PBo1dCzWIOcvisbyH6akNKqDHMgXePF2kir5mm5JXJTH3OUJYOQ==
  dependencies:
    arg "^4.1.0"
    diff "^4.0.1"
    make-error "^1.1.1"
    source-map-support "^0.5.17"
    yn "3.1.1"

tslib@^2.3.1:
  version "2.3.1"
  resolved "https://registry.yarnpkg.com/tslib/-/tslib-2.3.1.tgz#e8a335add5ceae51aa261d32a490158ef042ef01"
  integrity sha512-77EbyPPpMz+FRFRuAFlWMtmgUWGe9UOG2Z25NqCwiIjRhOf5iKGuzSe5P2w1laq+FkRy4p+PCuVkJSGkzTEKVw==

tsm@^2.2.1:
  version "2.2.1"
  resolved "https://registry.yarnpkg.com/tsm/-/tsm-2.2.1.tgz#3e78e86a03b2f569c20cff4a9f66c4ec8fce65fc"
  integrity sha512-qvJB0baPnxQJolZru11mRgGTdNlx17WqgJnle7eht3Vhb+VUR4/zFA5hFl6NqRe7m8BD9w/6yu0B2XciRrdoJA==
  dependencies:
    esbuild "^0.14.0"

typescript@4.3.4:
  version "4.3.4"
  resolved "https://registry.yarnpkg.com/typescript/-/typescript-4.3.4.tgz#3f85b986945bcf31071decdd96cf8bfa65f9dcbc"
  integrity sha512-uauPG7XZn9F/mo+7MrsRjyvbxFpzemRjKEZXS4AK83oP2KKOJPvb+9cO/gmnv8arWZvhnjVOXz7B49m1l0e9Ew==

typescript@4.5.4:
  version "4.5.4"
  resolved "https://registry.yarnpkg.com/typescript/-/typescript-4.5.4.tgz#a17d3a0263bf5c8723b9c52f43c5084edf13c2e8"
  integrity sha512-VgYs2A2QIRuGphtzFV7aQJduJ2gyfTljngLzjpfW9FoYZF6xuw1W0vW9ghCKLfcWrCFxK81CSGRAvS1pn4fIUg==

yn@3.1.1:
  version "3.1.1"
  resolved "https://registry.yarnpkg.com/yn/-/yn-3.1.1.tgz#1e87401a09d767c1d5eab26a6e4c185182d2eb50"
  integrity sha512-Ux4ygGWsu2c7isFWe8Yu1YluJmqVhxqK2cLXNQA5AcC3QfbGNpM7fu0Y8b/z16pXLnFxZYvWhd3fhBY9DLmC6Q==
